// !$*UTF8*$!
{
	archiveVersion = 1;
	classes = {
	};
	objectVersion = 52;
	objects = {

/* Begin PBXBuildFile section */
		126D01D82A9A6B684CE9B866 /* Pods_FlixstaTests.framework in Frameworks */ = {isa = PBXBuildFile; fileRef = 37D38ECAAFB503690E552E02 /* Pods_FlixstaTests.framework */; };
		71D0713B70AD8A7A3D3377F0 /* Pods_Flixsta_FlixstaUITests.framework in Frameworks */ = {isa = PBXBuildFile; fileRef = 4C90C6BF2CB6E6C478BD3E08 /* Pods_Flixsta_FlixstaUITests.framework */; };
		7CFC8ABA26E98F4700B36D03 /* AppDelegate.swift in Sources */ = {isa = PBXBuildFile; fileRef = 7CFC8AB926E98F4700B36D03 /* AppDelegate.swift */; };
		7CFC8ABC26E98F4700B36D03 /* SceneDelegate.swift in Sources */ = {isa = PBXBuildFile; fileRef = 7CFC8ABB26E98F4700B36D03 /* SceneDelegate.swift */; };
		7CFC8AC126E98F4700B36D03 /* Main.storyboard in Resources */ = {isa = PBXBuildFile; fileRef = 7CFC8ABF26E98F4700B36D03 /* Main.storyboard */; };
		7CFC8AC326E98F4D00B36D03 /* Assets.xcassets in Resources */ = {isa = PBXBuildFile; fileRef = 7CFC8AC226E98F4D00B36D03 /* Assets.xcassets */; };
		7CFC8AC626E98F4D00B36D03 /* LaunchScreen.storyboard in Resources */ = {isa = PBXBuildFile; fileRef = 7CFC8AC426E98F4D00B36D03 /* LaunchScreen.storyboard */; };
		7CFC8AD126E98F4D00B36D03 /* FlixstaTests.swift in Sources */ = {isa = PBXBuildFile; fileRef = 7CFC8AD026E98F4D00B36D03 /* FlixstaTests.swift */; };
		7CFC8ADC26E98F4D00B36D03 /* FlixstaUITests.swift in Sources */ = {isa = PBXBuildFile; fileRef = 7CFC8ADB26E98F4D00B36D03 /* FlixstaUITests.swift */; };
		7CFC8AEC26E9949C00B36D03 /* MoviesViewController.swift in Sources */ = {isa = PBXBuildFile; fileRef = 7CFC8AEB26E9949C00B36D03 /* MoviesViewController.swift */; };
		7CFC8AEE26E99C3D00B36D03 /* MovieCell.swift in Sources */ = {isa = PBXBuildFile; fileRef = 7CFC8AED26E99C3D00B36D03 /* MovieCell.swift */; };
		7CFC8AF126E99F3800B36D03 /* AlamofireImage in Frameworks */ = {isa = PBXBuildFile; productRef = 7CFC8AF026E99F3800B36D03 /* AlamofireImage */; };
		9FC4B85C593EE068C7683755 /* Pods_Flixsta.framework in Frameworks */ = {isa = PBXBuildFile; fileRef = C900EF9FB9BFC6CB51F0A2AA /* Pods_Flixsta.framework */; };
/* End PBXBuildFile section */

/* Begin PBXContainerItemProxy section */
		7CFC8ACD26E98F4D00B36D03 /* PBXContainerItemProxy */ = {
			isa = PBXContainerItemProxy;
			containerPortal = 7CFC8AAE26E98F4700B36D03 /* Project object */;
			proxyType = 1;
			remoteGlobalIDString = 7CFC8AB526E98F4700B36D03;
			remoteInfo = Flixsta;
		};
		7CFC8AD826E98F4D00B36D03 /* PBXContainerItemProxy */ = {
			isa = PBXContainerItemProxy;
			containerPortal = 7CFC8AAE26E98F4700B36D03 /* Project object */;
			proxyType = 1;
			remoteGlobalIDString = 7CFC8AB526E98F4700B36D03;
			remoteInfo = Flixsta;
		};
/* End PBXContainerItemProxy section */

/* Begin PBXFileReference section */
		37D38ECAAFB503690E552E02 /* Pods_FlixstaTests.framework */ = {isa = PBXFileReference; explicitFileType = wrapper.framework; includeInIndex = 0; path = Pods_FlixstaTests.framework; sourceTree = BUILT_PRODUCTS_DIR; };
		4ADD18AE9675312B168ACBE5 /* Pods-Flixsta-FlixstaUITests.release.xcconfig */ = {isa = PBXFileReference; includeInIndex = 1; lastKnownFileType = text.xcconfig; name = "Pods-Flixsta-FlixstaUITests.release.xcconfig"; path = "Target Support Files/Pods-Flixsta-FlixstaUITests/Pods-Flixsta-FlixstaUITests.release.xcconfig"; sourceTree = "<group>"; };
		4C90C6BF2CB6E6C478BD3E08 /* Pods_Flixsta_FlixstaUITests.framework */ = {isa = PBXFileReference; explicitFileType = wrapper.framework; includeInIndex = 0; path = Pods_Flixsta_FlixstaUITests.framework; sourceTree = BUILT_PRODUCTS_DIR; };
		5CEE258803139052693B69BE /* Pods-Flixsta-FlixstaUITests.debug.xcconfig */ = {isa = PBXFileReference; includeInIndex = 1; lastKnownFileType = text.xcconfig; name = "Pods-Flixsta-FlixstaUITests.debug.xcconfig"; path = "Target Support Files/Pods-Flixsta-FlixstaUITests/Pods-Flixsta-FlixstaUITests.debug.xcconfig"; sourceTree = "<group>"; };
		7CFC8AB626E98F4700B36D03 /* Flixsta.app */ = {isa = PBXFileReference; explicitFileType = wrapper.application; includeInIndex = 0; path = Flixsta.app; sourceTree = BUILT_PRODUCTS_DIR; };
		7CFC8AB926E98F4700B36D03 /* AppDelegate.swift */ = {isa = PBXFileReference; lastKnownFileType = sourcecode.swift; path = AppDelegate.swift; sourceTree = "<group>"; };
		7CFC8ABB26E98F4700B36D03 /* SceneDelegate.swift */ = {isa = PBXFileReference; lastKnownFileType = sourcecode.swift; path = SceneDelegate.swift; sourceTree = "<group>"; };
		7CFC8AC026E98F4700B36D03 /* Base */ = {isa = PBXFileReference; lastKnownFileType = file.storyboard; name = Base; path = Base.lproj/Main.storyboard; sourceTree = "<group>"; };
		7CFC8AC226E98F4D00B36D03 /* Assets.xcassets */ = {isa = PBXFileReference; lastKnownFileType = folder.assetcatalog; path = Assets.xcassets; sourceTree = "<group>"; };
		7CFC8AC526E98F4D00B36D03 /* Base */ = {isa = PBXFileReference; lastKnownFileType = file.storyboard; name = Base; path = Base.lproj/LaunchScreen.storyboard; sourceTree = "<group>"; };
		7CFC8AC726E98F4D00B36D03 /* Info.plist */ = {isa = PBXFileReference; lastKnownFileType = text.plist.xml; path = Info.plist; sourceTree = "<group>"; };
		7CFC8ACC26E98F4D00B36D03 /* FlixstaTests.xctest */ = {isa = PBXFileReference; explicitFileType = wrapper.cfbundle; includeInIndex = 0; path = FlixstaTests.xctest; sourceTree = BUILT_PRODUCTS_DIR; };
		7CFC8AD026E98F4D00B36D03 /* FlixstaTests.swift */ = {isa = PBXFileReference; lastKnownFileType = sourcecode.swift; path = FlixstaTests.swift; sourceTree = "<group>"; };
		7CFC8AD226E98F4D00B36D03 /* Info.plist */ = {isa = PBXFileReference; lastKnownFileType = text.plist.xml; path = Info.plist; sourceTree = "<group>"; };
		7CFC8AD726E98F4D00B36D03 /* FlixstaUITests.xctest */ = {isa = PBXFileReference; explicitFileType = wrapper.cfbundle; includeInIndex = 0; path = FlixstaUITests.xctest; sourceTree = BUILT_PRODUCTS_DIR; };
		7CFC8ADB26E98F4D00B36D03 /* FlixstaUITests.swift */ = {isa = PBXFileReference; lastKnownFileType = sourcecode.swift; path = FlixstaUITests.swift; sourceTree = "<group>"; };
		7CFC8ADD26E98F4D00B36D03 /* Info.plist */ = {isa = PBXFileReference; lastKnownFileType = text.plist.xml; path = Info.plist; sourceTree = "<group>"; };
		7CFC8AEB26E9949C00B36D03 /* MoviesViewController.swift */ = {isa = PBXFileReference; lastKnownFileType = sourcecode.swift; path = MoviesViewController.swift; sourceTree = "<group>"; };
		7CFC8AED26E99C3D00B36D03 /* MovieCell.swift */ = {isa = PBXFileReference; lastKnownFileType = sourcecode.swift; path = MovieCell.swift; sourceTree = "<group>"; };
		7FB4489635C1B8D17C4328E5 /* Pods-FlixstaTests.release.xcconfig */ = {isa = PBXFileReference; includeInIndex = 1; lastKnownFileType = text.xcconfig; name = "Pods-FlixstaTests.release.xcconfig"; path = "Target Support Files/Pods-FlixstaTests/Pods-FlixstaTests.release.xcconfig"; sourceTree = "<group>"; };
		AC44033222419526C9C67E91 /* Pods-Flixsta.debug.xcconfig */ = {isa = PBXFileReference; includeInIndex = 1; lastKnownFileType = text.xcconfig; name = "Pods-Flixsta.debug.xcconfig"; path = "Target Support Files/Pods-Flixsta/Pods-Flixsta.debug.xcconfig"; sourceTree = "<group>"; };
		C900EF9FB9BFC6CB51F0A2AA /* Pods_Flixsta.framework */ = {isa = PBXFileReference; explicitFileType = wrapper.framework; includeInIndex = 0; path = Pods_Flixsta.framework; sourceTree = BUILT_PRODUCTS_DIR; };
		CEC6A9EE875692BAE3726A4D /* Pods-FlixstaTests.debug.xcconfig */ = {isa = PBXFileReference; includeInIndex = 1; lastKnownFileType = text.xcconfig; name = "Pods-FlixstaTests.debug.xcconfig"; path = "Target Support Files/Pods-FlixstaTests/Pods-FlixstaTests.debug.xcconfig"; sourceTree = "<group>"; };
		EDE6EFC672D26973DA9EB0D7 /* Pods-Flixsta.release.xcconfig */ = {isa = PBXFileReference; includeInIndex = 1; lastKnownFileType = text.xcconfig; name = "Pods-Flixsta.release.xcconfig"; path = "Target Support Files/Pods-Flixsta/Pods-Flixsta.release.xcconfig"; sourceTree = "<group>"; };
/* End PBXFileReference section */

/* Begin PBXFrameworksBuildPhase section */
		7CFC8AB326E98F4700B36D03 /* Frameworks */ = {
			isa = PBXFrameworksBuildPhase;
			buildActionMask = 2147483647;
			files = (
				7CFC8AF126E99F3800B36D03 /* AlamofireImage in Frameworks */,
				9FC4B85C593EE068C7683755 /* Pods_Flixsta.framework in Frameworks */,
			);
			runOnlyForDeploymentPostprocessing = 0;
		};
		7CFC8AC926E98F4D00B36D03 /* Frameworks */ = {
			isa = PBXFrameworksBuildPhase;
			buildActionMask = 2147483647;
			files = (
				126D01D82A9A6B684CE9B866 /* Pods_FlixstaTests.framework in Frameworks */,
			);
			runOnlyForDeploymentPostprocessing = 0;
		};
		7CFC8AD426E98F4D00B36D03 /* Frameworks */ = {
			isa = PBXFrameworksBuildPhase;
			buildActionMask = 2147483647;
			files = (
				71D0713B70AD8A7A3D3377F0 /* Pods_Flixsta_FlixstaUITests.framework in Frameworks */,
			);
			runOnlyForDeploymentPostprocessing = 0;
		};
/* End PBXFrameworksBuildPhase section */

/* Begin PBXGroup section */
		27B543C8FBA027072E982181 /* Pods */ = {
			isa = PBXGroup;
			children = (
				AC44033222419526C9C67E91 /* Pods-Flixsta.debug.xcconfig */,
				EDE6EFC672D26973DA9EB0D7 /* Pods-Flixsta.release.xcconfig */,
				5CEE258803139052693B69BE /* Pods-Flixsta-FlixstaUITests.debug.xcconfig */,
				4ADD18AE9675312B168ACBE5 /* Pods-Flixsta-FlixstaUITests.release.xcconfig */,
				CEC6A9EE875692BAE3726A4D /* Pods-FlixstaTests.debug.xcconfig */,
				7FB4489635C1B8D17C4328E5 /* Pods-FlixstaTests.release.xcconfig */,
			);
			name = Pods;
			path = Pods;
			sourceTree = "<group>";
		};
		7CFC8AAD26E98F4700B36D03 = {
			isa = PBXGroup;
			children = (
				7CFC8AB826E98F4700B36D03 /* Flixsta */,
				7CFC8ACF26E98F4D00B36D03 /* FlixstaTests */,
				7CFC8ADA26E98F4D00B36D03 /* FlixstaUITests */,
				7CFC8AB726E98F4700B36D03 /* Products */,
				27B543C8FBA027072E982181 /* Pods */,
				F9970A941307396AB114E88A /* Frameworks */,
			);
			sourceTree = "<group>";
		};
		7CFC8AB726E98F4700B36D03 /* Products */ = {
			isa = PBXGroup;
			children = (
				7CFC8AB626E98F4700B36D03 /* Flixsta.app */,
				7CFC8ACC26E98F4D00B36D03 /* FlixstaTests.xctest */,
				7CFC8AD726E98F4D00B36D03 /* FlixstaUITests.xctest */,
			);
			name = Products;
			sourceTree = "<group>";
		};
		7CFC8AB826E98F4700B36D03 /* Flixsta */ = {
			isa = PBXGroup;
			children = (
				7CFC8AB926E98F4700B36D03 /* AppDelegate.swift */,
				7CFC8ABF26E98F4700B36D03 /* Main.storyboard */,
				7CFC8ABB26E98F4700B36D03 /* SceneDelegate.swift */,
				7CFC8AC226E98F4D00B36D03 /* Assets.xcassets */,
				7CFC8AC426E98F4D00B36D03 /* LaunchScreen.storyboard */,
				7CFC8AC726E98F4D00B36D03 /* Info.plist */,
				7CFC8AEB26E9949C00B36D03 /* MoviesViewController.swift */,
				7CFC8AED26E99C3D00B36D03 /* MovieCell.swift */,
			);
			path = Flixsta;
			sourceTree = "<group>";
		};
		7CFC8ACF26E98F4D00B36D03 /* FlixstaTests */ = {
			isa = PBXGroup;
			children = (
				7CFC8AD026E98F4D00B36D03 /* FlixstaTests.swift */,
				7CFC8AD226E98F4D00B36D03 /* Info.plist */,
			);
			path = FlixstaTests;
			sourceTree = "<group>";
		};
		7CFC8ADA26E98F4D00B36D03 /* FlixstaUITests */ = {
			isa = PBXGroup;
			children = (
				7CFC8ADB26E98F4D00B36D03 /* FlixstaUITests.swift */,
				7CFC8ADD26E98F4D00B36D03 /* Info.plist */,
			);
			path = FlixstaUITests;
			sourceTree = "<group>";
		};
		F9970A941307396AB114E88A /* Frameworks */ = {
			isa = PBXGroup;
			children = (
				C900EF9FB9BFC6CB51F0A2AA /* Pods_Flixsta.framework */,
				4C90C6BF2CB6E6C478BD3E08 /* Pods_Flixsta_FlixstaUITests.framework */,
				37D38ECAAFB503690E552E02 /* Pods_FlixstaTests.framework */,
			);
			name = Frameworks;
			sourceTree = "<group>";
		};
/* End PBXGroup section */

/* Begin PBXNativeTarget section */
		7CFC8AB526E98F4700B36D03 /* Flixsta */ = {
			isa = PBXNativeTarget;
			buildConfigurationList = 7CFC8AE026E98F4D00B36D03 /* Build configuration list for PBXNativeTarget "Flixsta" */;
			buildPhases = (
				8C28E9951D2CDD3D3F15344D /* [CP] Check Pods Manifest.lock */,
				7CFC8AB226E98F4700B36D03 /* Sources */,
				7CFC8AB326E98F4700B36D03 /* Frameworks */,
				7CFC8AB426E98F4700B36D03 /* Resources */,
				CA6F5F76709DD944AAE3B0F8 /* [CP] Embed Pods Frameworks */,
			);
			buildRules = (
			);
			dependencies = (
			);
			name = Flixsta;
			packageProductDependencies = (
				7CFC8AF026E99F3800B36D03 /* AlamofireImage */,
			);
			productName = Flixsta;
			productReference = 7CFC8AB626E98F4700B36D03 /* Flixsta.app */;
			productType = "com.apple.product-type.application";
		};
		7CFC8ACB26E98F4D00B36D03 /* FlixstaTests */ = {
			isa = PBXNativeTarget;
			buildConfigurationList = 7CFC8AE326E98F4D00B36D03 /* Build configuration list for PBXNativeTarget "FlixstaTests" */;
			buildPhases = (
				5C89F03CD6115EA1726EEE6F /* [CP] Check Pods Manifest.lock */,
				7CFC8AC826E98F4D00B36D03 /* Sources */,
				7CFC8AC926E98F4D00B36D03 /* Frameworks */,
				7CFC8ACA26E98F4D00B36D03 /* Resources */,
			);
			buildRules = (
			);
			dependencies = (
				7CFC8ACE26E98F4D00B36D03 /* PBXTargetDependency */,
			);
			name = FlixstaTests;
			productName = FlixstaTests;
			productReference = 7CFC8ACC26E98F4D00B36D03 /* FlixstaTests.xctest */;
			productType = "com.apple.product-type.bundle.unit-test";
		};
		7CFC8AD626E98F4D00B36D03 /* FlixstaUITests */ = {
			isa = PBXNativeTarget;
			buildConfigurationList = 7CFC8AE626E98F4D00B36D03 /* Build configuration list for PBXNativeTarget "FlixstaUITests" */;
			buildPhases = (
				2949737E4F1CA4BE74486EBD /* [CP] Check Pods Manifest.lock */,
				7CFC8AD326E98F4D00B36D03 /* Sources */,
				7CFC8AD426E98F4D00B36D03 /* Frameworks */,
				7CFC8AD526E98F4D00B36D03 /* Resources */,
				B1C50689D37327340B9671FE /* [CP] Embed Pods Frameworks */,
			);
			buildRules = (
			);
			dependencies = (
				7CFC8AD926E98F4D00B36D03 /* PBXTargetDependency */,
			);
			name = FlixstaUITests;
			productName = FlixstaUITests;
			productReference = 7CFC8AD726E98F4D00B36D03 /* FlixstaUITests.xctest */;
			productType = "com.apple.product-type.bundle.ui-testing";
		};
/* End PBXNativeTarget section */

/* Begin PBXProject section */
		7CFC8AAE26E98F4700B36D03 /* Project object */ = {
			isa = PBXProject;
			attributes = {
				LastSwiftUpdateCheck = 1250;
				LastUpgradeCheck = 1250;
				TargetAttributes = {
					7CFC8AB526E98F4700B36D03 = {
						CreatedOnToolsVersion = 12.5.1;
					};
					7CFC8ACB26E98F4D00B36D03 = {
						CreatedOnToolsVersion = 12.5.1;
						TestTargetID = 7CFC8AB526E98F4700B36D03;
					};
					7CFC8AD626E98F4D00B36D03 = {
						CreatedOnToolsVersion = 12.5.1;
						TestTargetID = 7CFC8AB526E98F4700B36D03;
					};
				};
			};
			buildConfigurationList = 7CFC8AB126E98F4700B36D03 /* Build configuration list for PBXProject "Flixsta" */;
			compatibilityVersion = "Xcode 9.3";
			developmentRegion = en;
			hasScannedForEncodings = 0;
			knownRegions = (
				en,
				Base,
			);
			mainGroup = 7CFC8AAD26E98F4700B36D03;
			packageReferences = (
				7CFC8AEF26E99F3800B36D03 /* XCRemoteSwiftPackageReference "AlamofireImage" */,
			);
			productRefGroup = 7CFC8AB726E98F4700B36D03 /* Products */;
			projectDirPath = "";
			projectRoot = "";
			targets = (
				7CFC8AB526E98F4700B36D03 /* Flixsta */,
				7CFC8ACB26E98F4D00B36D03 /* FlixstaTests */,
				7CFC8AD626E98F4D00B36D03 /* FlixstaUITests */,
			);
		};
/* End PBXProject section */

/* Begin PBXResourcesBuildPhase section */
		7CFC8AB426E98F4700B36D03 /* Resources */ = {
			isa = PBXResourcesBuildPhase;
			buildActionMask = 2147483647;
			files = (
				7CFC8AC626E98F4D00B36D03 /* LaunchScreen.storyboard in Resources */,
				7CFC8AC326E98F4D00B36D03 /* Assets.xcassets in Resources */,
				7CFC8AC126E98F4700B36D03 /* Main.storyboard in Resources */,
			);
			runOnlyForDeploymentPostprocessing = 0;
		};
		7CFC8ACA26E98F4D00B36D03 /* Resources */ = {
			isa = PBXResourcesBuildPhase;
			buildActionMask = 2147483647;
			files = (
			);
			runOnlyForDeploymentPostprocessing = 0;
		};
		7CFC8AD526E98F4D00B36D03 /* Resources */ = {
			isa = PBXResourcesBuildPhase;
			buildActionMask = 2147483647;
			files = (
			);
			runOnlyForDeploymentPostprocessing = 0;
		};
/* End PBXResourcesBuildPhase section */

/* Begin PBXShellScriptBuildPhase section */
		2949737E4F1CA4BE74486EBD /* [CP] Check Pods Manifest.lock */ = {
			isa = PBXShellScriptBuildPhase;
			buildActionMask = 2147483647;
			files = (
			);
			inputFileListPaths = (
			);
			inputPaths = (
				"${PODS_PODFILE_DIR_PATH}/Podfile.lock",
				"${PODS_ROOT}/Manifest.lock",
			);
			name = "[CP] Check Pods Manifest.lock";
			outputFileListPaths = (
			);
			outputPaths = (
				"$(DERIVED_FILE_DIR)/Pods-Flixsta-FlixstaUITests-checkManifestLockResult.txt",
			);
			runOnlyForDeploymentPostprocessing = 0;
			shellPath = /bin/sh;
			shellScript = "diff \"${PODS_PODFILE_DIR_PATH}/Podfile.lock\" \"${PODS_ROOT}/Manifest.lock\" > /dev/null\nif [ $? != 0 ] ; then\n    # print error to STDERR\n    echo \"error: The sandbox is not in sync with the Podfile.lock. Run 'pod install' or update your CocoaPods installation.\" >&2\n    exit 1\nfi\n# This output is used by Xcode 'outputs' to avoid re-running this script phase.\necho \"SUCCESS\" > \"${SCRIPT_OUTPUT_FILE_0}\"\n";
			showEnvVarsInLog = 0;
		};
		5C89F03CD6115EA1726EEE6F /* [CP] Check Pods Manifest.lock */ = {
			isa = PBXShellScriptBuildPhase;
			buildActionMask = 2147483647;
			files = (
			);
			inputFileListPaths = (
			);
			inputPaths = (
				"${PODS_PODFILE_DIR_PATH}/Podfile.lock",
				"${PODS_ROOT}/Manifest.lock",
			);
			name = "[CP] Check Pods Manifest.lock";
			outputFileListPaths = (
			);
			outputPaths = (
				"$(DERIVED_FILE_DIR)/Pods-FlixstaTests-checkManifestLockResult.txt",
			);
			runOnlyForDeploymentPostprocessing = 0;
			shellPath = /bin/sh;
			shellScript = "diff \"${PODS_PODFILE_DIR_PATH}/Podfile.lock\" \"${PODS_ROOT}/Manifest.lock\" > /dev/null\nif [ $? != 0 ] ; then\n    # print error to STDERR\n    echo \"error: The sandbox is not in sync with the Podfile.lock. Run 'pod install' or update your CocoaPods installation.\" >&2\n    exit 1\nfi\n# This output is used by Xcode 'outputs' to avoid re-running this script phase.\necho \"SUCCESS\" > \"${SCRIPT_OUTPUT_FILE_0}\"\n";
			showEnvVarsInLog = 0;
		};
		8C28E9951D2CDD3D3F15344D /* [CP] Check Pods Manifest.lock */ = {
			isa = PBXShellScriptBuildPhase;
			buildActionMask = 2147483647;
			files = (
			);
			inputFileListPaths = (
			);
			inputPaths = (
				"${PODS_PODFILE_DIR_PATH}/Podfile.lock",
				"${PODS_ROOT}/Manifest.lock",
			);
			name = "[CP] Check Pods Manifest.lock";
			outputFileListPaths = (
			);
			outputPaths = (
				"$(DERIVED_FILE_DIR)/Pods-Flixsta-checkManifestLockResult.txt",
			);
			runOnlyForDeploymentPostprocessing = 0;
			shellPath = /bin/sh;
			shellScript = "diff \"${PODS_PODFILE_DIR_PATH}/Podfile.lock\" \"${PODS_ROOT}/Manifest.lock\" > /dev/null\nif [ $? != 0 ] ; then\n    # print error to STDERR\n    echo \"error: The sandbox is not in sync with the Podfile.lock. Run 'pod install' or update your CocoaPods installation.\" >&2\n    exit 1\nfi\n# This output is used by Xcode 'outputs' to avoid re-running this script phase.\necho \"SUCCESS\" > \"${SCRIPT_OUTPUT_FILE_0}\"\n";
			showEnvVarsInLog = 0;
		};
		B1C50689D37327340B9671FE /* [CP] Embed Pods Frameworks */ = {
			isa = PBXShellScriptBuildPhase;
			buildActionMask = 2147483647;
			files = (
			);
			inputFileListPaths = (
				"${PODS_ROOT}/Target Support Files/Pods-Flixsta-FlixstaUITests/Pods-Flixsta-FlixstaUITests-frameworks-${CONFIGURATION}-input-files.xcfilelist",
			);
			name = "[CP] Embed Pods Frameworks";
			outputFileListPaths = (
				"${PODS_ROOT}/Target Support Files/Pods-Flixsta-FlixstaUITests/Pods-Flixsta-FlixstaUITests-frameworks-${CONFIGURATION}-output-files.xcfilelist",
			);
			runOnlyForDeploymentPostprocessing = 0;
			shellPath = /bin/sh;
			shellScript = "\"${PODS_ROOT}/Target Support Files/Pods-Flixsta-FlixstaUITests/Pods-Flixsta-FlixstaUITests-frameworks.sh\"\n";
			showEnvVarsInLog = 0;
		};
		CA6F5F76709DD944AAE3B0F8 /* [CP] Embed Pods Frameworks */ = {
			isa = PBXShellScriptBuildPhase;
			buildActionMask = 2147483647;
			files = (
			);
			inputFileListPaths = (
				"${PODS_ROOT}/Target Support Files/Pods-Flixsta/Pods-Flixsta-frameworks-${CONFIGURATION}-input-files.xcfilelist",
			);
			name = "[CP] Embed Pods Frameworks";
			outputFileListPaths = (
				"${PODS_ROOT}/Target Support Files/Pods-Flixsta/Pods-Flixsta-frameworks-${CONFIGURATION}-output-files.xcfilelist",
			);
			runOnlyForDeploymentPostprocessing = 0;
			shellPath = /bin/sh;
			shellScript = "\"${PODS_ROOT}/Target Support Files/Pods-Flixsta/Pods-Flixsta-frameworks.sh\"\n";
			showEnvVarsInLog = 0;
		};
/* End PBXShellScriptBuildPhase section */

/* Begin PBXSourcesBuildPhase section */
		7CFC8AB226E98F4700B36D03 /* Sources */ = {
			isa = PBXSourcesBuildPhase;
			buildActionMask = 2147483647;
			files = (
				7CFC8ABA26E98F4700B36D03 /* AppDelegate.swift in Sources */,
				7CFC8ABC26E98F4700B36D03 /* SceneDelegate.swift in Sources */,
				7CFC8AEE26E99C3D00B36D03 /* MovieCell.swift in Sources */,
				7CFC8AEC26E9949C00B36D03 /* MoviesViewController.swift in Sources */,
			);
			runOnlyForDeploymentPostprocessing = 0;
		};
		7CFC8AC826E98F4D00B36D03 /* Sources */ = {
			isa = PBXSourcesBuildPhase;
			buildActionMask = 2147483647;
			files = (
				7CFC8AD126E98F4D00B36D03 /* FlixstaTests.swift in Sources */,
			);
			runOnlyForDeploymentPostprocessing = 0;
		};
		7CFC8AD326E98F4D00B36D03 /* Sources */ = {
			isa = PBXSourcesBuildPhase;
			buildActionMask = 2147483647;
			files = (
				7CFC8ADC26E98F4D00B36D03 /* FlixstaUITests.swift in Sources */,
			);
			runOnlyForDeploymentPostprocessing = 0;
		};
/* End PBXSourcesBuildPhase section */

/* Begin PBXTargetDependency section */
		7CFC8ACE26E98F4D00B36D03 /* PBXTargetDependency */ = {
			isa = PBXTargetDependency;
			target = 7CFC8AB526E98F4700B36D03 /* Flixsta */;
			targetProxy = 7CFC8ACD26E98F4D00B36D03 /* PBXContainerItemProxy */;
		};
		7CFC8AD926E98F4D00B36D03 /* PBXTargetDependency */ = {
			isa = PBXTargetDependency;
			target = 7CFC8AB526E98F4700B36D03 /* Flixsta */;
			targetProxy = 7CFC8AD826E98F4D00B36D03 /* PBXContainerItemProxy */;
		};
/* End PBXTargetDependency section */

/* Begin PBXVariantGroup section */
		7CFC8ABF26E98F4700B36D03 /* Main.storyboard */ = {
			isa = PBXVariantGroup;
			children = (
				7CFC8AC026E98F4700B36D03 /* Base */,
			);
			name = Main.storyboard;
			sourceTree = "<group>";
		};
		7CFC8AC426E98F4D00B36D03 /* LaunchScreen.storyboard */ = {
			isa = PBXVariantGroup;
			children = (
				7CFC8AC526E98F4D00B36D03 /* Base */,
			);
			name = LaunchScreen.storyboard;
			sourceTree = "<group>";
		};
/* End PBXVariantGroup section */

/* Begin XCBuildConfiguration section */
		7CFC8ADE26E98F4D00B36D03 /* Debug */ = {
			isa = XCBuildConfiguration;
			buildSettings = {
				ALWAYS_SEARCH_USER_PATHS = NO;
				CLANG_ANALYZER_NONNULL = YES;
				CLANG_ANALYZER_NUMBER_OBJECT_CONVERSION = YES_AGGRESSIVE;
				CLANG_CXX_LANGUAGE_STANDARD = "gnu++14";
				CLANG_CXX_LIBRARY = "libc++";
				CLANG_ENABLE_MODULES = YES;
				CLANG_ENABLE_OBJC_ARC = YES;
				CLANG_ENABLE_OBJC_WEAK = YES;
				CLANG_WARN_BLOCK_CAPTURE_AUTORELEASING = YES;
				CLANG_WARN_BOOL_CONVERSION = YES;
				CLANG_WARN_COMMA = YES;
				CLANG_WARN_CONSTANT_CONVERSION = YES;
				CLANG_WARN_DEPRECATED_OBJC_IMPLEMENTATIONS = YES;
				CLANG_WARN_DIRECT_OBJC_ISA_USAGE = YES_ERROR;
				CLANG_WARN_DOCUMENTATION_COMMENTS = YES;
				CLANG_WARN_EMPTY_BODY = YES;
				CLANG_WARN_ENUM_CONVERSION = YES;
				CLANG_WARN_INFINITE_RECURSION = YES;
				CLANG_WARN_INT_CONVERSION = YES;
				CLANG_WARN_NON_LITERAL_NULL_CONVERSION = YES;
				CLANG_WARN_OBJC_IMPLICIT_RETAIN_SELF = YES;
				CLANG_WARN_OBJC_LITERAL_CONVERSION = YES;
				CLANG_WARN_OBJC_ROOT_CLASS = YES_ERROR;
				CLANG_WARN_QUOTED_INCLUDE_IN_FRAMEWORK_HEADER = YES;
				CLANG_WARN_RANGE_LOOP_ANALYSIS = YES;
				CLANG_WARN_STRICT_PROTOTYPES = YES;
				CLANG_WARN_SUSPICIOUS_MOVE = YES;
				CLANG_WARN_UNGUARDED_AVAILABILITY = YES_AGGRESSIVE;
				CLANG_WARN_UNREACHABLE_CODE = YES;
				CLANG_WARN__DUPLICATE_METHOD_MATCH = YES;
				COPY_PHASE_STRIP = NO;
				DEBUG_INFORMATION_FORMAT = dwarf;
				ENABLE_STRICT_OBJC_MSGSEND = YES;
				ENABLE_TESTABILITY = YES;
				GCC_C_LANGUAGE_STANDARD = gnu11;
				GCC_DYNAMIC_NO_PIC = NO;
				GCC_NO_COMMON_BLOCKS = YES;
				GCC_OPTIMIZATION_LEVEL = 0;
				GCC_PREPROCESSOR_DEFINITIONS = (
					"DEBUG=1",
					"$(inherited)",
				);
				GCC_WARN_64_TO_32_BIT_CONVERSION = YES;
				GCC_WARN_ABOUT_RETURN_TYPE = YES_ERROR;
				GCC_WARN_UNDECLARED_SELECTOR = YES;
				GCC_WARN_UNINITIALIZED_AUTOS = YES_AGGRESSIVE;
				GCC_WARN_UNUSED_FUNCTION = YES;
				GCC_WARN_UNUSED_VARIABLE = YES;
				IPHONEOS_DEPLOYMENT_TARGET = 14.5;
				MTL_ENABLE_DEBUG_INFO = INCLUDE_SOURCE;
				MTL_FAST_MATH = YES;
				ONLY_ACTIVE_ARCH = YES;
				SDKROOT = iphoneos;
				SWIFT_ACTIVE_COMPILATION_CONDITIONS = DEBUG;
				SWIFT_OPTIMIZATION_LEVEL = "-Onone";
			};
			name = Debug;
		};
		7CFC8ADF26E98F4D00B36D03 /* Release */ = {
			isa = XCBuildConfiguration;
			buildSettings = {
				ALWAYS_SEARCH_USER_PATHS = NO;
				CLANG_ANALYZER_NONNULL = YES;
				CLANG_ANALYZER_NUMBER_OBJECT_CONVERSION = YES_AGGRESSIVE;
				CLANG_CXX_LANGUAGE_STANDARD = "gnu++14";
				CLANG_CXX_LIBRARY = "libc++";
				CLANG_ENABLE_MODULES = YES;
				CLANG_ENABLE_OBJC_ARC = YES;
				CLANG_ENABLE_OBJC_WEAK = YES;
				CLANG_WARN_BLOCK_CAPTURE_AUTORELEASING = YES;
				CLANG_WARN_BOOL_CONVERSION = YES;
				CLANG_WARN_COMMA = YES;
				CLANG_WARN_CONSTANT_CONVERSION = YES;
				CLANG_WARN_DEPRECATED_OBJC_IMPLEMENTATIONS = YES;
				CLANG_WARN_DIRECT_OBJC_ISA_USAGE = YES_ERROR;
				CLANG_WARN_DOCUMENTATION_COMMENTS = YES;
				CLANG_WARN_EMPTY_BODY = YES;
				CLANG_WARN_ENUM_CONVERSION = YES;
				CLANG_WARN_INFINITE_RECURSION = YES;
				CLANG_WARN_INT_CONVERSION = YES;
				CLANG_WARN_NON_LITERAL_NULL_CONVERSION = YES;
				CLANG_WARN_OBJC_IMPLICIT_RETAIN_SELF = YES;
				CLANG_WARN_OBJC_LITERAL_CONVERSION = YES;
				CLANG_WARN_OBJC_ROOT_CLASS = YES_ERROR;
				CLANG_WARN_QUOTED_INCLUDE_IN_FRAMEWORK_HEADER = YES;
				CLANG_WARN_RANGE_LOOP_ANALYSIS = YES;
				CLANG_WARN_STRICT_PROTOTYPES = YES;
				CLANG_WARN_SUSPICIOUS_MOVE = YES;
				CLANG_WARN_UNGUARDED_AVAILABILITY = YES_AGGRESSIVE;
				CLANG_WARN_UNREACHABLE_CODE = YES;
				CLANG_WARN__DUPLICATE_METHOD_MATCH = YES;
				COPY_PHASE_STRIP = NO;
				DEBUG_INFORMATION_FORMAT = "dwarf-with-dsym";
				ENABLE_NS_ASSERTIONS = NO;
				ENABLE_STRICT_OBJC_MSGSEND = YES;
				GCC_C_LANGUAGE_STANDARD = gnu11;
				GCC_NO_COMMON_BLOCKS = YES;
				GCC_WARN_64_TO_32_BIT_CONVERSION = YES;
				GCC_WARN_ABOUT_RETURN_TYPE = YES_ERROR;
				GCC_WARN_UNDECLARED_SELECTOR = YES;
				GCC_WARN_UNINITIALIZED_AUTOS = YES_AGGRESSIVE;
				GCC_WARN_UNUSED_FUNCTION = YES;
				GCC_WARN_UNUSED_VARIABLE = YES;
				IPHONEOS_DEPLOYMENT_TARGET = 14.5;
				MTL_ENABLE_DEBUG_INFO = NO;
				MTL_FAST_MATH = YES;
				SDKROOT = iphoneos;
				SWIFT_COMPILATION_MODE = wholemodule;
				SWIFT_OPTIMIZATION_LEVEL = "-O";
				VALIDATE_PRODUCT = YES;
			};
			name = Release;
		};
		7CFC8AE126E98F4D00B36D03 /* Debug */ = {
			isa = XCBuildConfiguration;
			baseConfigurationReference = AC44033222419526C9C67E91 /* Pods-Flixsta.debug.xcconfig */;
			buildSettings = {
				ASSETCATALOG_COMPILER_APPICON_NAME = AppIcon;
				ASSETCATALOG_COMPILER_GLOBAL_ACCENT_COLOR_NAME = AccentColor;
				CODE_SIGN_STYLE = Automatic;
				INFOPLIST_FILE = Flixsta/Info.plist;
				LD_RUNPATH_SEARCH_PATHS = (
					"$(inherited)",
					"@executable_path/Frameworks",
				);
				PRODUCT_BUNDLE_IDENTIFIER = juliancajuste.Flixsta;
				PRODUCT_NAME = "$(TARGET_NAME)";
				SWIFT_VERSION = 5.0;
				TARGETED_DEVICE_FAMILY = "1,2";
			};
			name = Debug;
		};
		7CFC8AE226E98F4D00B36D03 /* Release */ = {
			isa = XCBuildConfiguration;
			baseConfigurationReference = EDE6EFC672D26973DA9EB0D7 /* Pods-Flixsta.release.xcconfig */;
			buildSettings = {
				ASSETCATALOG_COMPILER_APPICON_NAME = AppIcon;
				ASSETCATALOG_COMPILER_GLOBAL_ACCENT_COLOR_NAME = AccentColor;
				CODE_SIGN_STYLE = Automatic;
				INFOPLIST_FILE = Flixsta/Info.plist;
				LD_RUNPATH_SEARCH_PATHS = (
					"$(inherited)",
					"@executable_path/Frameworks",
				);
				PRODUCT_BUNDLE_IDENTIFIER = juliancajuste.Flixsta;
				PRODUCT_NAME = "$(TARGET_NAME)";
				SWIFT_VERSION = 5.0;
				TARGETED_DEVICE_FAMILY = "1,2";
			};
			name = Release;
		};
		7CFC8AE426E98F4D00B36D03 /* Debug */ = {
			isa = XCBuildConfiguration;
			baseConfigurationReference = CEC6A9EE875692BAE3726A4D /* Pods-FlixstaTests.debug.xcconfig */;
			buildSettings = {
				ALWAYS_EMBED_SWIFT_STANDARD_LIBRARIES = YES;
				BUNDLE_LOADER = "$(TEST_HOST)";
				CODE_SIGN_STYLE = Automatic;
				INFOPLIST_FILE = FlixstaTests/Info.plist;
				IPHONEOS_DEPLOYMENT_TARGET = 14.5;
				LD_RUNPATH_SEARCH_PATHS = (
					"$(inherited)",
					"@executable_path/Frameworks",
					"@loader_path/Frameworks",
				);
				PRODUCT_BUNDLE_IDENTIFIER = juliancajuste.FlixstaTests;
				PRODUCT_NAME = "$(TARGET_NAME)";
				SWIFT_VERSION = 5.0;
				TARGETED_DEVICE_FAMILY = "1,2";
				TEST_HOST = "$(BUILT_PRODUCTS_DIR)/Flixsta.app/Flixsta";
			};
			name = Debug;
		};
		7CFC8AE526E98F4D00B36D03 /* Release */ = {
			isa = XCBuildConfiguration;
			baseConfigurationReference = 7FB4489635C1B8D17C4328E5 /* Pods-FlixstaTests.release.xcconfig */;
			buildSettings = {
				ALWAYS_EMBED_SWIFT_STANDARD_LIBRARIES = YES;
				BUNDLE_LOADER = "$(TEST_HOST)";
				CODE_SIGN_STYLE = Automatic;
				INFOPLIST_FILE = FlixstaTests/Info.plist;
				IPHONEOS_DEPLOYMENT_TARGET = 14.5;
				LD_RUNPATH_SEARCH_PATHS = (
					"$(inherited)",
					"@executable_path/Frameworks",
					"@loader_path/Frameworks",
				);
				PRODUCT_BUNDLE_IDENTIFIER = juliancajuste.FlixstaTests;
				PRODUCT_NAME = "$(TARGET_NAME)";
				SWIFT_VERSION = 5.0;
				TARGETED_DEVICE_FAMILY = "1,2";
				TEST_HOST = "$(BUILT_PRODUCTS_DIR)/Flixsta.app/Flixsta";
			};
			name = Release;
		};
		7CFC8AE726E98F4D00B36D03 /* Debug */ = {
			isa = XCBuildConfiguration;
			baseConfigurationReference = 5CEE258803139052693B69BE /* Pods-Flixsta-FlixstaUITests.debug.xcconfig */;
			buildSettings = {
				ALWAYS_EMBED_SWIFT_STANDARD_LIBRARIES = YES;
				CODE_SIGN_STYLE = Automatic;
				INFOPLIST_FILE = FlixstaUITests/Info.plist;
				LD_RUNPATH_SEARCH_PATHS = (
					"$(inherited)",
					"@executable_path/Frameworks",
					"@loader_path/Frameworks",
				);
				PRODUCT_BUNDLE_IDENTIFIER = juliancajuste.FlixstaUITests;
				PRODUCT_NAME = "$(TARGET_NAME)";
				SWIFT_VERSION = 5.0;
				TARGETED_DEVICE_FAMILY = "1,2";
				TEST_TARGET_NAME = Flixsta;
			};
			name = Debug;
		};
		7CFC8AE826E98F4D00B36D03 /* Release */ = {
			isa = XCBuildConfiguration;
			baseConfigurationReference = 4ADD18AE9675312B168ACBE5 /* Pods-Flixsta-FlixstaUITests.release.xcconfig */;
			buildSettings = {
				ALWAYS_EMBED_SWIFT_STANDARD_LIBRARIES = YES;
				CODE_SIGN_STYLE = Automatic;
				INFOPLIST_FILE = FlixstaUITests/Info.plist;
				LD_RUNPATH_SEARCH_PATHS = (
					"$(inherited)",
					"@executable_path/Frameworks",
					"@loader_path/Frameworks",
				);
				PRODUCT_BUNDLE_IDENTIFIER = juliancajuste.FlixstaUITests;
				PRODUCT_NAME = "$(TARGET_NAME)";
				SWIFT_VERSION = 5.0;
				TARGETED_DEVICE_FAMILY = "1,2";
				TEST_TARGET_NAME = Flixsta;
			};
			name = Release;
		};
/* End XCBuildConfiguration section */

/* Begin XCConfigurationList section */
		7CFC8AB126E98F4700B36D03 /* Build configuration list for PBXProject "Flixsta" */ = {
			isa = XCConfigurationList;
			buildConfigurations = (
				7CFC8ADE26E98F4D00B36D03 /* Debug */,
				7CFC8ADF26E98F4D00B36D03 /* Release */,
			);
			defaultConfigurationIsVisible = 0;
			defaultConfigurationName = Release;
		};
		7CFC8AE026E98F4D00B36D03 /* Build configuration list for PBXNativeTarget "Flixsta" */ = {
			isa = XCConfigurationList;
			buildConfigurations = (
				7CFC8AE126E98F4D00B36D03 /* Debug */,
				7CFC8AE226E98F4D00B36D03 /* Release */,
			);
			defaultConfigurationIsVisible = 0;
			defaultConfigurationName = Release;
		};
		7CFC8AE326E98F4D00B36D03 /* Build configuration list for PBXNativeTarget "FlixstaTests" */ = {
			isa = XCConfigurationList;
			buildConfigurations = (
				7CFC8AE426E98F4D00B36D03 /* Debug */,
				7CFC8AE526E98F4D00B36D03 /* Release */,
			);
			defaultConfigurationIsVisible = 0;
			defaultConfigurationName = Release;
		};
		7CFC8AE626E98F4D00B36D03 /* Build configuration list for PBXNativeTarget "FlixstaUITests" */ = {
			isa = XCConfigurationList;
			buildConfigurations = (
				7CFC8AE726E98F4D00B36D03 /* Debug */,
				7CFC8AE826E98F4D00B36D03 /* Release */,
			);
			defaultConfigurationIsVisible = 0;
			defaultConfigurationName = Release;
		};
/* End XCConfigurationList section */

/* Begin XCRemoteSwiftPackageReference section */
		7CFC8AEF26E99F3800B36D03 /* XCRemoteSwiftPackageReference "AlamofireImage" */ = {
			isa = XCRemoteSwiftPackageReference;
			repositoryURL = "https://github.com/Alamofire/AlamofireImage";
			requirement = {
				kind = upToNextMajorVersion;
				minimumVersion = 4.2.0;
			};
		};
/* End XCRemoteSwiftPackageReference section */

/* Begin XCSwiftPackageProductDependency section */
		7CFC8AF026E99F3800B36D03 /* AlamofireImage */ = {
			isa = XCSwiftPackageProductDependency;
			package = 7CFC8AEF26E99F3800B36D03 /* XCRemoteSwiftPackageReference "AlamofireImage" */;
			productName = AlamofireImage;
		};
/* End XCSwiftPackageProductDependency section */
	};
	rootObject = 7CFC8AAE26E98F4700B36D03 /* Project object */;
}
